
Microsoft Visual Studio Solution File, Format Version 12.00
# Visual Studio Version 16
VisualStudioVersion = 16.0.31424.327
MinimumVisualStudioVersion = 10.0.40219.1
Project("{FAE04EC0-301F-11D3-BF4B-00C04F79EFBC}") = "01_Komodo_Cafe_Class_Library", "01_Komodo_Cafe_Class_Library\01_Komodo_Cafe_Class_Library.csproj", "{38BE3105-AB0E-44B3-BF39-5900C1DDDEFC}"
EndProject
Project("{FAE04EC0-301F-11D3-BF4B-00C04F79EFBC}") = "01_Komodo_Cafe_Unit_Tests", "01_Komodo_Cafe_Unit_Tests\01_Komodo_Cafe_Unit_Tests.csproj", "{0AD5F7A2-F488-46E9-8A4A-F25ECF601213}"
EndProject
Project("{FAE04EC0-301F-11D3-BF4B-00C04F79EFBC}") = "01_Komodo_Cafe_Console", "01_Kmodo_Cafe_Console\01_Komodo_Cafe_Console.csproj", "{AD59D5CE-D854-4B34-B00C-B8F6195E692B}"
EndProject
Project("{FAE04EC0-301F-11D3-BF4B-00C04F79EFBC}") = "02_Komodo_Claims_Console", "02_Komodo_Claims_Console\02_Komodo_Claims_Console.csproj", "{16C39360-4C62-4695-9E28-959BE818FB8D}"
EndProject
Project("{FAE04EC0-301F-11D3-BF4B-00C04F79EFBC}") = "02_Komodo_Claims_Class_Library", "02_Komodo_Claims_ClassLibrary\02_Komodo_Claims_Class_Library.csproj", "{CC15C60F-E9F4-4FF7-8113-F4DFF2B16682}"
EndProject
Project("{FAE04EC0-301F-11D3-BF4B-00C04F79EFBC}") = "02_Komodo_Claims_Unit_Tests", "02_Komodo_Claims_Tests\02_Komodo_Claims_Unit_Tests.csproj", "{F4A2D595-023D-42E3-9413-47528810855C}"
EndProject
Project("{FAE04EC0-301F-11D3-BF4B-00C04F79EFBC}") = "03_Komodo_Insurance_Badges_Class_Library", "..\Komodo_Insurance_Badges\03_Komodo_Insurance_Badges_Class_Library\03_Komodo_Insurance_Badges_Class_Library.csproj", "{FAD2305E-7C98-4173-9C8B-F3DA8A7CA332}"
EndProject
Project("{FAE04EC0-301F-11D3-BF4B-00C04F79EFBC}") = "03_Komodo_Insurance_Badges_Console", "..\Komodo_Insurance_Badges\03_Komodo_Insurance_Badges_Console\03_Komodo_Insurance_Badges_Console.csproj", "{817EBA4D-733D-4B57-8FB2-86131A21620E}"
EndProject
Global
	GlobalSection(SolutionConfigurationPlatforms) = preSolution
		Debug|Any CPU = Debug|Any CPU
		Release|Any CPU = Release|Any CPU
	EndGlobalSection
	GlobalSection(ProjectConfigurationPlatforms) = postSolution
		{38BE3105-AB0E-44B3-BF39-5900C1DDDEFC}.Debug|Any CPU.ActiveCfg = Debug|Any CPU
		{38BE3105-AB0E-44B3-BF39-5900C1DDDEFC}.Debug|Any CPU.Build.0 = Debug|Any CPU
		{38BE3105-AB0E-44B3-BF39-5900C1DDDEFC}.Release|Any CPU.ActiveCfg = Release|Any CPU
		{38BE3105-AB0E-44B3-BF39-5900C1DDDEFC}.Release|Any CPU.Build.0 = Release|Any CPU
		{0AD5F7A2-F488-46E9-8A4A-F25ECF601213}.Debug|Any CPU.ActiveCfg = Debug|Any CPU
		{0AD5F7A2-F488-46E9-8A4A-F25ECF601213}.Debug|Any CPU.Build.0 = Debug|Any CPU
		{0AD5F7A2-F488-46E9-8A4A-F25ECF601213}.Release|Any CPU.ActiveCfg = Release|Any CPU
		{0AD5F7A2-F488-46E9-8A4A-F25ECF601213}.Release|Any CPU.Build.0 = Release|Any CPU
		{AD59D5CE-D854-4B34-B00C-B8F6195E692B}.Debug|Any CPU.ActiveCfg = Debug|Any CPU
		{AD59D5CE-D854-4B34-B00C-B8F6195E692B}.Debug|Any CPU.Build.0 = Debug|Any CPU
		{AD59D5CE-D854-4B34-B00C-B8F6195E692B}.Release|Any CPU.ActiveCfg = Release|Any CPU
		{AD59D5CE-D854-4B34-B00C-B8F6195E692B}.Release|Any CPU.Build.0 = Release|Any CPU
		{16C39360-4C62-4695-9E28-959BE818FB8D}.Debug|Any CPU.ActiveCfg = Debug|Any CPU
		{16C39360-4C62-4695-9E28-959BE818FB8D}.Debug|Any CPU.Build.0 = Debug|Any CPU
		{16C39360-4C62-4695-9E28-959BE818FB8D}.Release|Any CPU.ActiveCfg = Release|Any CPU
		{16C39360-4C62-4695-9E28-959BE818FB8D}.Release|Any CPU.Build.0 = Release|Any CPU
		{CC15C60F-E9F4-4FF7-8113-F4DFF2B16682}.Debug|Any CPU.ActiveCfg = Debug|Any CPU
		{CC15C60F-E9F4-4FF7-8113-F4DFF2B16682}.Debug|Any CPU.Build.0 = Debug|Any CPU
		{CC15C60F-E9F4-4FF7-8113-F4DFF2B16682}.Release|Any CPU.ActiveCfg = Release|Any CPU
		{CC15C60F-E9F4-4FF7-8113-F4DFF2B16682}.Release|Any CPU.Build.0 = Release|Any CPU
		{F4A2D595-023D-42E3-9413-47528810855C}.Debug|Any CPU.ActiveCfg = Debug|Any CPU
		{F4A2D595-023D-42E3-9413-47528810855C}.Debug|Any CPU.Build.0 = Debug|Any CPU
		{F4A2D595-023D-42E3-9413-47528810855C}.Release|Any CPU.ActiveCfg = Release|Any CPU
		{F4A2D595-023D-42E3-9413-47528810855C}.Release|Any CPU.Build.0 = Release|Any CPU
		{FAD2305E-7C98-4173-9C8B-F3DA8A7CA332}.Debug|Any CPU.ActiveCfg = Debug|Any CPU
		{FAD2305E-7C98-4173-9C8B-F3DA8A7CA332}.Debug|Any CPU.Build.0 = Debug|Any CPU
		{FAD2305E-7C98-4173-9C8B-F3DA8A7CA332}.Release|Any CPU.ActiveCfg = Release|Any CPU
		{FAD2305E-7C98-4173-9C8B-F3DA8A7CA332}.Release|Any CPU.Build.0 = Release|Any CPU
		{817EBA4D-733D-4B57-8FB2-86131A21620E}.Debug|Any CPU.ActiveCfg = Debug|Any CPU
		{817EBA4D-733D-4B57-8FB2-86131A21620E}.Debug|Any CPU.Build.0 = Debug|Any CPU
		{817EBA4D-733D-4B57-8FB2-86131A21620E}.Release|Any CPU.ActiveCfg = Release|Any CPU
		{817EBA4D-733D-4B57-8FB2-86131A21620E}.Release|Any CPU.Build.0 = Release|Any CPU
	EndGlobalSection
	GlobalSection(SolutionProperties) = preSolution
		HideSolutionNode = FALSE
	EndGlobalSection
	GlobalSection(ExtensibilityGlobals) = postSolution
		SolutionGuid = {EDBDD648-CAB7-4ED7-B9F1-693E0C6923CC}
	EndGlobalSection
EndGlobal
